
Microsoft Visual Studio Solution File, Format Version 12.00
# Visual Studio Version 17
VisualStudioVersion = 17.14.36603.0 d17.14
MinimumVisualStudioVersion = 10.0.40219.1
Project("{FAE04EC0-301F-11D3-BF4B-00C04F79EFBC}") = "community-event-ind-api", "community-event-ind-api\community-event-ind-api.csproj", "{26EFD8BE-2899-4DE8-AD68-63BADFF30B1A}"
EndProject
Global
	GlobalSection(SolutionConfigurationPlatforms) = preSolution
		Debug|Any CPU = Debug|Any CPU
		Release|Any CPU = Release|Any CPU
	EndGlobalSection
	GlobalSection(ProjectConfigurationPlatforms) = postSolution
		{26EFD8BE-2899-4DE8-AD68-63BADFF30B1A}.Debug|Any CPU.ActiveCfg = Debug|Any CPU
		{26EFD8BE-2899-4DE8-AD68-63BADFF30B1A}.Debug|Any CPU.Build.0 = Debug|Any CPU
		{26EFD8BE-2899-4DE8-AD68-63BADFF30B1A}.Release|Any CPU.ActiveCfg = Release|Any CPU
		{26EFD8BE-2899-4DE8-AD68-63BADFF30B1A}.Release|Any CPU.Build.0 = Release|Any CPU
	EndGlobalSection
	GlobalSection(SolutionProperties) = preSolution
		HideSolutionNode = FALSE
	EndGlobalSection
	GlobalSection(ExtensibilityGlobals) = postSolution
		SolutionGuid = {E11571DB-D35A-4A2F-BAE5-C55D699E3A29}
	EndGlobalSection
EndGlobal
